// !$*UTF8*$!
{
	archiveVersion = 1;
	classes = {
	};
	objectVersion = 46;
	objects = {

/* Begin PBXBuildFile section */
		62DD2035813B7DDBF770FA6C /* NimbleStore.m in Sources */ = {isa = PBXBuildFile; fileRef = 62DD2C82DD1462527EB97633 /* NimbleStore.m */; };
		62DD20865C9DDCD88DF7976D /* NSManagedObjectContext+NimbleContexts.m in Sources */ = {isa = PBXBuildFile; fileRef = 62DD25C177CDA6869D4E8E31 /* NSManagedObjectContext+NimbleContexts.m */; };
		62DD20E00DC66C9F66A33373 /* NSManagedObject+Finders.m in Sources */ = {isa = PBXBuildFile; fileRef = 62DD2AD6A1E922073C15F826 /* NSManagedObject+Finders.m */; };
		62DD214A52EBAE4B68DA7CF1 /* MainStoryboard.storyboard in Resources */ = {isa = PBXBuildFile; fileRef = 62DD2867E7159881EE6F7859 /* MainStoryboard.storyboard */; };
		62DD21B716E4188A8AFA750A /* ViewController.m in Sources */ = {isa = PBXBuildFile; fileRef = 62DD2C767395D1BFD589BE4E /* ViewController.m */; };
		62DD229CF7C9ABD4254C844C /* _Book.m in Sources */ = {isa = PBXBuildFile; fileRef = 62DD204504080067BE4CD7E5 /* _Book.m */; };
		62DD23298D59557697B34FEE /* _Author.m in Sources */ = {isa = PBXBuildFile; fileRef = 62DD2AB84626163E6F9D36D8 /* _Author.m */; };
		62DD2354A88509B035CEA5A3 /* NimbleStore+Savers.m in Sources */ = {isa = PBXBuildFile; fileRef = 62DD2D83F97418BD827407C7 /* NimbleStore+Savers.m */; };
		62DD245D3DE9669B8B84FD89 /* Book.m in Sources */ = {isa = PBXBuildFile; fileRef = 62DD20EAC6243989A1D4A419 /* Book.m */; };
		62DD250588F6C9D7F2DA7568 /* NSManagedObjectContext+NimbleContexts.m in Sources */ = {isa = PBXBuildFile; fileRef = 62DD25C177CDA6869D4E8E31 /* NSManagedObjectContext+NimbleContexts.m */; };
		62DD25E0A6D607F6ABC57B87 /* _Reader.m in Sources */ = {isa = PBXBuildFile; fileRef = 62DD2497A8CBB2759A7A29D9 /* _Reader.m */; };
		62DD26BC407BDA15204DC7C9 /* NSManagedObject+Creators.m in Sources */ = {isa = PBXBuildFile; fileRef = 62DD2C83A62C1D12F54F7346 /* NSManagedObject+Creators.m */; };
		62DD271859910A8C74C95CFD /* NimbleStore.m in Sources */ = {isa = PBXBuildFile; fileRef = 62DD2C82DD1462527EB97633 /* NimbleStore.m */; };
		62DD27496432851BE632B99B /* Author.m in Sources */ = {isa = PBXBuildFile; fileRef = 62DD2191E6747EF66EFA5B52 /* Author.m */; };
		62DD278CDA241AC1AC06A90A /* NSManagedObject+Finders.m in Sources */ = {isa = PBXBuildFile; fileRef = 62DD2AD6A1E922073C15F826 /* NSManagedObject+Finders.m */; };
		62DD287E45A8149989447123 /* NimbleStore+Savers.m in Sources */ = {isa = PBXBuildFile; fileRef = 62DD2D83F97418BD827407C7 /* NimbleStore+Savers.m */; };
		62DD28BC1B0827C5BEE816F2 /* Model.xcdatamodel in Sources */ = {isa = PBXBuildFile; fileRef = 62DD21A5B2AC3F231528AA18 /* Model.xcdatamodel */; };
		62DD293205EF7ABB0662F4E3 /* NSManagedObject+Creators.m in Sources */ = {isa = PBXBuildFile; fileRef = 62DD2C83A62C1D12F54F7346 /* NSManagedObject+Creators.m */; };
		62DD2B81CB910C3B895F6C37 /* NimbleStore+Defaults.m in Sources */ = {isa = PBXBuildFile; fileRef = 62DD274A54F5D5F2A543FA5C /* NimbleStore+Defaults.m */; };
		62DD2EBBF1D9C5CEBEB7F330 /* Reader.m in Sources */ = {isa = PBXBuildFile; fileRef = 62DD22A01D136EE316092FA5 /* Reader.m */; };
		62DD2F2555B64142EEF8503E /* NimbleStore+Defaults.m in Sources */ = {isa = PBXBuildFile; fileRef = 62DD274A54F5D5F2A543FA5C /* NimbleStore+Defaults.m */; };
		62DD2F5A34897B71C59F24B7 /* AppDelegate.m in Sources */ = {isa = PBXBuildFile; fileRef = 62DD213AD61FA8E29FEDF5BB /* AppDelegate.m */; };
		A9040B5F178E0ECC00CCE8EF /* UIKit.framework in Frameworks */ = {isa = PBXBuildFile; fileRef = A9040B5E178E0ECC00CCE8EF /* UIKit.framework */; };
		A9040B61178E0ECC00CCE8EF /* Foundation.framework in Frameworks */ = {isa = PBXBuildFile; fileRef = A9040B60178E0ECC00CCE8EF /* Foundation.framework */; };
		A9040B63178E0ECC00CCE8EF /* CoreGraphics.framework in Frameworks */ = {isa = PBXBuildFile; fileRef = A9040B62178E0ECC00CCE8EF /* CoreGraphics.framework */; };
		A9040B69178E0ECC00CCE8EF /* InfoPlist.strings in Resources */ = {isa = PBXBuildFile; fileRef = A9040B67178E0ECC00CCE8EF /* InfoPlist.strings */; };
		A9040B6B178E0ECC00CCE8EF /* main.m in Sources */ = {isa = PBXBuildFile; fileRef = A9040B6A178E0ECC00CCE8EF /* main.m */; };
		A9040B71178E0ECC00CCE8EF /* Default.png in Resources */ = {isa = PBXBuildFile; fileRef = A9040B70178E0ECC00CCE8EF /* Default.png */; };
		A9040B73178E0ECC00CCE8EF /* Default@2x.png in Resources */ = {isa = PBXBuildFile; fileRef = A9040B72178E0ECC00CCE8EF /* Default@2x.png */; };
		A9040B75178E0ECC00CCE8EF /* Default-568h@2x.png in Resources */ = {isa = PBXBuildFile; fileRef = A9040B74178E0ECC00CCE8EF /* Default-568h@2x.png */; };
		A9040B90178E106400CCE8EF /* CoreData.framework in Frameworks */ = {isa = PBXBuildFile; fileRef = A9040B8F178E106400CCE8EF /* CoreData.framework */; };
		A9541F1C1793572A008D92FC /* Foundation.framework in Frameworks */ = {isa = PBXBuildFile; fileRef = A9040B60178E0ECC00CCE8EF /* Foundation.framework */; };
		A9541F1D1793572A008D92FC /* UIKit.framework in Frameworks */ = {isa = PBXBuildFile; fileRef = A9040B5E178E0ECC00CCE8EF /* UIKit.framework */; };
		A9541F231793572A008D92FC /* InfoPlist.strings in Resources */ = {isa = PBXBuildFile; fileRef = A9541F211793572A008D92FC /* InfoPlist.strings */; };
		A9541F2D1793573E008D92FC /* XCTest.framework in Frameworks */ = {isa = PBXBuildFile; fileRef = A9541F2C1793573E008D92FC /* XCTest.framework */; };
		A9541F3617935B88008D92FC /* NimbleStackCreationTests.m in Sources */ = {isa = PBXBuildFile; fileRef = A9541F3517935B88008D92FC /* NimbleStackCreationTests.m */; };
		A9541F3717935C73008D92FC /* CoreData.framework in Frameworks */ = {isa = PBXBuildFile; fileRef = A9040B8F178E106400CCE8EF /* CoreData.framework */; };
		A97225B017949A88005C6DDE /* NimbleSaversTests.m in Sources */ = {isa = PBXBuildFile; fileRef = 62DD2F89D3C30BFCFA6C2FB0 /* NimbleSaversTests.m */; };
/* End PBXBuildFile section */

/* Begin PBXContainerItemProxy section */
		A9541F271793572A008D92FC /* PBXContainerItemProxy */ = {
			isa = PBXContainerItemProxy;
			containerPortal = A9040B53178E0ECC00CCE8EF /* Project object */;
			proxyType = 1;
			remoteGlobalIDString = A9040B5A178E0ECC00CCE8EF;
			remoteInfo = Nimble;
		};
/* End PBXContainerItemProxy section */

/* Begin PBXFileReference section */
		62DD204504080067BE4CD7E5 /* _Book.m */ = {isa = PBXFileReference; fileEncoding = 4; lastKnownFileType = sourcecode.c.objc; path = _Book.m; sourceTree = "<group>"; };
		62DD2076625512D282157419 /* NimbleStore+Defaults.h */ = {isa = PBXFileReference; fileEncoding = 4; lastKnownFileType = sourcecode.c.h; path = "NimbleStore+Defaults.h"; sourceTree = "<group>"; };
		62DD20EAC6243989A1D4A419 /* Book.m */ = {isa = PBXFileReference; fileEncoding = 4; lastKnownFileType = sourcecode.c.objc; path = Book.m; sourceTree = "<group>"; };
		62DD213AD61FA8E29FEDF5BB /* AppDelegate.m */ = {isa = PBXFileReference; fileEncoding = 4; lastKnownFileType = sourcecode.c.objc; path = AppDelegate.m; sourceTree = "<group>"; };
		62DD2191E6747EF66EFA5B52 /* Author.m */ = {isa = PBXFileReference; fileEncoding = 4; lastKnownFileType = sourcecode.c.objc; path = Author.m; sourceTree = "<group>"; };
		62DD21A5B2AC3F231528AA18 /* Model.xcdatamodel */ = {isa = PBXFileReference; lastKnownFileType = wrapper.xcdatamodel; path = Model.xcdatamodel; sourceTree = "<group>"; };
		62DD22A01D136EE316092FA5 /* Reader.m */ = {isa = PBXFileReference; fileEncoding = 4; lastKnownFileType = sourcecode.c.objc; path = Reader.m; sourceTree = "<group>"; };
		62DD2497A8CBB2759A7A29D9 /* _Reader.m */ = {isa = PBXFileReference; fileEncoding = 4; lastKnownFileType = sourcecode.c.objc; path = _Reader.m; sourceTree = "<group>"; };
		62DD24A0532B09667826A247 /* _Reader.h */ = {isa = PBXFileReference; fileEncoding = 4; lastKnownFileType = sourcecode.c.h; path = _Reader.h; sourceTree = "<group>"; };
		62DD256B7DCB6CEB1EDDE8CB /* en */ = {isa = PBXFileReference; lastKnownFileType = file.storyboard; name = en; path = NimbleDemo/en.lproj/MainStoryboard.storyboard; sourceTree = SOURCE_ROOT; };
		62DD25C177CDA6869D4E8E31 /* NSManagedObjectContext+NimbleContexts.m */ = {isa = PBXFileReference; fileEncoding = 4; lastKnownFileType = sourcecode.c.objc; path = "NSManagedObjectContext+NimbleContexts.m"; sourceTree = "<group>"; };
		62DD25D6FED930D81F3498E2 /* NSManagedObjectContext+NimbleContexts.h */ = {isa = PBXFileReference; fileEncoding = 4; lastKnownFileType = sourcecode.c.h; path = "NSManagedObjectContext+NimbleContexts.h"; sourceTree = "<group>"; };
		62DD274A54F5D5F2A543FA5C /* NimbleStore+Defaults.m */ = {isa = PBXFileReference; fileEncoding = 4; lastKnownFileType = sourcecode.c.objc; path = "NimbleStore+Defaults.m"; sourceTree = "<group>"; };
		62DD27F778FCA09459456F2B /* Reader.h */ = {isa = PBXFileReference; fileEncoding = 4; lastKnownFileType = sourcecode.c.h; path = Reader.h; sourceTree = "<group>"; };
		62DD28BB2A0F009467BF967B /* _Book.h */ = {isa = PBXFileReference; fileEncoding = 4; lastKnownFileType = sourcecode.c.h; path = _Book.h; sourceTree = "<group>"; };
		62DD29616FAC6B4CA1D7FBF8 /* Author.h */ = {isa = PBXFileReference; fileEncoding = 4; lastKnownFileType = sourcecode.c.h; path = Author.h; sourceTree = "<group>"; };
		62DD29B1A6589805BC67D0D2 /* _Author.h */ = {isa = PBXFileReference; fileEncoding = 4; lastKnownFileType = sourcecode.c.h; path = _Author.h; sourceTree = "<group>"; };
		62DD2A01E1ADBB85C75CE74E /* Book.h */ = {isa = PBXFileReference; fileEncoding = 4; lastKnownFileType = sourcecode.c.h; path = Book.h; sourceTree = "<group>"; };
		62DD2A11F83EA4347F30860D /* NimbleStore.h */ = {isa = PBXFileReference; fileEncoding = 4; lastKnownFileType = sourcecode.c.h; path = NimbleStore.h; sourceTree = "<group>"; };
		62DD2AB84626163E6F9D36D8 /* _Author.m */ = {isa = PBXFileReference; fileEncoding = 4; lastKnownFileType = sourcecode.c.objc; path = _Author.m; sourceTree = "<group>"; };
		62DD2AD6A1E922073C15F826 /* NSManagedObject+Finders.m */ = {isa = PBXFileReference; fileEncoding = 4; lastKnownFileType = sourcecode.c.objc; path = "NSManagedObject+Finders.m"; sourceTree = "<group>"; };
		62DD2AEBAD286CA5060CCB0F /* ViewController.h */ = {isa = PBXFileReference; fileEncoding = 4; lastKnownFileType = sourcecode.c.h; path = ViewController.h; sourceTree = "<group>"; };
		62DD2C767395D1BFD589BE4E /* ViewController.m */ = {isa = PBXFileReference; fileEncoding = 4; lastKnownFileType = sourcecode.c.objc; path = ViewController.m; sourceTree = "<group>"; };
		62DD2C82DD1462527EB97633 /* NimbleStore.m */ = {isa = PBXFileReference; fileEncoding = 4; lastKnownFileType = sourcecode.c.objc; path = NimbleStore.m; sourceTree = "<group>"; };
		62DD2C83A62C1D12F54F7346 /* NSManagedObject+Creators.m */ = {isa = PBXFileReference; fileEncoding = 4; lastKnownFileType = sourcecode.c.objc; path = "NSManagedObject+Creators.m"; sourceTree = "<group>"; };
		62DD2CE539DD7732846E9E15 /* NSManagedObject+Finders.h */ = {isa = PBXFileReference; fileEncoding = 4; lastKnownFileType = sourcecode.c.h; path = "NSManagedObject+Finders.h"; sourceTree = "<group>"; };
		62DD2D61205FAFA993D9477E /* NSManagedObject+Creators.h */ = {isa = PBXFileReference; fileEncoding = 4; lastKnownFileType = sourcecode.c.h; path = "NSManagedObject+Creators.h"; sourceTree = "<group>"; };
		62DD2D83F97418BD827407C7 /* NimbleStore+Savers.m */ = {isa = PBXFileReference; fileEncoding = 4; lastKnownFileType = sourcecode.c.objc; path = "NimbleStore+Savers.m"; sourceTree = "<group>"; };
		62DD2DCF294604E4A28EAB96 /* NimbleStore+Savers.h */ = {isa = PBXFileReference; fileEncoding = 4; lastKnownFileType = sourcecode.c.h; path = "NimbleStore+Savers.h"; sourceTree = "<group>"; };
		62DD2F092DCFE5122BD954CE /* AppDelegate.h */ = {isa = PBXFileReference; fileEncoding = 4; lastKnownFileType = sourcecode.c.h; path = AppDelegate.h; sourceTree = "<group>"; };
		62DD2F89D3C30BFCFA6C2FB0 /* NimbleSaversTests.m */ = {isa = PBXFileReference; fileEncoding = 4; lastKnownFileType = sourcecode.c.objc; name = NimbleSaversTests.m; path = Tests/NimbleSaversTests.m; sourceTree = "<group>"; };
		A9040B5B178E0ECC00CCE8EF /* NimbleDemo.app */ = {isa = PBXFileReference; explicitFileType = wrapper.application; includeInIndex = 0; path = NimbleDemo.app; sourceTree = BUILT_PRODUCTS_DIR; };
		A9040B5E178E0ECC00CCE8EF /* UIKit.framework */ = {isa = PBXFileReference; lastKnownFileType = wrapper.framework; name = UIKit.framework; path = System/Library/Frameworks/UIKit.framework; sourceTree = SDKROOT; };
		A9040B60178E0ECC00CCE8EF /* Foundation.framework */ = {isa = PBXFileReference; lastKnownFileType = wrapper.framework; name = Foundation.framework; path = System/Library/Frameworks/Foundation.framework; sourceTree = SDKROOT; };
		A9040B62178E0ECC00CCE8EF /* CoreGraphics.framework */ = {isa = PBXFileReference; lastKnownFileType = wrapper.framework; name = CoreGraphics.framework; path = System/Library/Frameworks/CoreGraphics.framework; sourceTree = SDKROOT; };
		A9040B66178E0ECC00CCE8EF /* NimbleDemo-Info.plist */ = {isa = PBXFileReference; lastKnownFileType = text.plist.info; path = "NimbleDemo-Info.plist"; sourceTree = "<group>"; };
		A9040B68178E0ECC00CCE8EF /* en */ = {isa = PBXFileReference; lastKnownFileType = text.plist.strings; name = en; path = en.lproj/InfoPlist.strings; sourceTree = "<group>"; };
		A9040B6A178E0ECC00CCE8EF /* main.m */ = {isa = PBXFileReference; lastKnownFileType = sourcecode.c.objc; path = main.m; sourceTree = "<group>"; };
		A9040B6C178E0ECC00CCE8EF /* NimbleDemo-Prefix.pch */ = {isa = PBXFileReference; lastKnownFileType = sourcecode.c.h; path = "NimbleDemo-Prefix.pch"; sourceTree = "<group>"; };
		A9040B70178E0ECC00CCE8EF /* Default.png */ = {isa = PBXFileReference; lastKnownFileType = image.png; path = Default.png; sourceTree = "<group>"; };
		A9040B72178E0ECC00CCE8EF /* Default@2x.png */ = {isa = PBXFileReference; lastKnownFileType = image.png; path = "Default@2x.png"; sourceTree = "<group>"; };
		A9040B74178E0ECC00CCE8EF /* Default-568h@2x.png */ = {isa = PBXFileReference; lastKnownFileType = image.png; path = "Default-568h@2x.png"; sourceTree = "<group>"; };
		A9040B82178E0EE700CCE8EF /* Nimble.h */ = {isa = PBXFileReference; fileEncoding = 4; lastKnownFileType = sourcecode.c.h; path = Nimble.h; sourceTree = "<group>"; };
		A9040B8F178E106400CCE8EF /* CoreData.framework */ = {isa = PBXFileReference; lastKnownFileType = wrapper.framework; name = CoreData.framework; path = System/Library/Frameworks/CoreData.framework; sourceTree = SDKROOT; };
		A9541F191793572A008D92FC /* NimbleDemo Tests.xctest */ = {isa = PBXFileReference; explicitFileType = wrapper.cfbundle; includeInIndex = 0; path = "NimbleDemo Tests.xctest"; sourceTree = BUILT_PRODUCTS_DIR; };
		A9541F201793572A008D92FC /* NimbleDemo Tests-Info.plist */ = {isa = PBXFileReference; lastKnownFileType = text.plist.info; path = "NimbleDemo Tests-Info.plist"; sourceTree = "<group>"; };
		A9541F221793572A008D92FC /* en */ = {isa = PBXFileReference; lastKnownFileType = text.plist.strings; name = en; path = en.lproj/InfoPlist.strings; sourceTree = "<group>"; };
		A9541F261793572A008D92FC /* NimbleDemo Tests-Prefix.pch */ = {isa = PBXFileReference; lastKnownFileType = sourcecode.c.h; path = "NimbleDemo Tests-Prefix.pch"; sourceTree = "<group>"; };
		A9541F2C1793573E008D92FC /* XCTest.framework */ = {isa = PBXFileReference; lastKnownFileType = wrapper.framework; name = XCTest.framework; path = Library/Frameworks/XCTest.framework; sourceTree = DEVELOPER_DIR; };
		A9541F3517935B88008D92FC /* NimbleStackCreationTests.m */ = {isa = PBXFileReference; fileEncoding = 4; lastKnownFileType = sourcecode.c.objc; name = NimbleStackCreationTests.m; path = Tests/NimbleStackCreationTests.m; sourceTree = "<group>"; };
/* End PBXFileReference section */

/* Begin PBXFrameworksBuildPhase section */
		A9040B58178E0ECC00CCE8EF /* Frameworks */ = {
			isa = PBXFrameworksBuildPhase;
			buildActionMask = 2147483647;
			files = (
				A9040B90178E106400CCE8EF /* CoreData.framework in Frameworks */,
				A9040B5F178E0ECC00CCE8EF /* UIKit.framework in Frameworks */,
				A9040B61178E0ECC00CCE8EF /* Foundation.framework in Frameworks */,
				A9040B63178E0ECC00CCE8EF /* CoreGraphics.framework in Frameworks */,
			);
			runOnlyForDeploymentPostprocessing = 0;
		};
		A9541F161793572A008D92FC /* Frameworks */ = {
			isa = PBXFrameworksBuildPhase;
			buildActionMask = 2147483647;
			files = (
				A9541F3717935C73008D92FC /* CoreData.framework in Frameworks */,
				A9541F2D1793573E008D92FC /* XCTest.framework in Frameworks */,
				A9541F1D1793572A008D92FC /* UIKit.framework in Frameworks */,
				A9541F1C1793572A008D92FC /* Foundation.framework in Frameworks */,
			);
			runOnlyForDeploymentPostprocessing = 0;
		};
/* End PBXFrameworksBuildPhase section */

/* Begin PBXGroup section */
		62DD21BFED1A0DD591D467DE /* View */ = {
			isa = PBXGroup;
			children = (
				62DD2867E7159881EE6F7859 /* MainStoryboard.storyboard */,
			);
			path = View;
			sourceTree = "<group>";
		};
		62DD25103D792ACE256A6B8A /* Mogenerated */ = {
			isa = PBXGroup;
			children = (
				62DD24A0532B09667826A247 /* _Reader.h */,
				62DD2AB84626163E6F9D36D8 /* _Author.m */,
				62DD204504080067BE4CD7E5 /* _Book.m */,
				62DD29B1A6589805BC67D0D2 /* _Author.h */,
				62DD2497A8CBB2759A7A29D9 /* _Reader.m */,
				62DD28BB2A0F009467BF967B /* _Book.h */,
			);
			path = Mogenerated;
			sourceTree = "<group>";
		};
		62DD257BEF9CDBB16BE51BC9 /* Categories */ = {
			isa = PBXGroup;
			children = (
				62DD2CE539DD7732846E9E15 /* NSManagedObject+Finders.h */,
				62DD2AD6A1E922073C15F826 /* NSManagedObject+Finders.m */,
				62DD2076625512D282157419 /* NimbleStore+Defaults.h */,
				62DD274A54F5D5F2A543FA5C /* NimbleStore+Defaults.m */,
				62DD25D6FED930D81F3498E2 /* NSManagedObjectContext+NimbleContexts.h */,
				62DD25C177CDA6869D4E8E31 /* NSManagedObjectContext+NimbleContexts.m */,
				62DD2D61205FAFA993D9477E /* NSManagedObject+Creators.h */,
				62DD2C83A62C1D12F54F7346 /* NSManagedObject+Creators.m */,
				62DD2DCF294604E4A28EAB96 /* NimbleStore+Savers.h */,
				62DD2D83F97418BD827407C7 /* NimbleStore+Savers.m */,
			);
			path = Categories;
			sourceTree = "<group>";
		};
		62DD25BDCF548A56B79774A2 /* Main Store */ = {
			isa = PBXGroup;
			children = (
				62DD2A11F83EA4347F30860D /* NimbleStore.h */,
				62DD2C82DD1462527EB97633 /* NimbleStore.m */,
			);
			path = "Main Store";
			sourceTree = "<group>";
		};
		62DD28907972642C31792695 /* Classes */ = {
			isa = PBXGroup;
			children = (
				62DD22A01D136EE316092FA5 /* Reader.m */,
				62DD29616FAC6B4CA1D7FBF8 /* Author.h */,
				62DD2A01E1ADBB85C75CE74E /* Book.h */,
				62DD27F778FCA09459456F2B /* Reader.h */,
				62DD20EAC6243989A1D4A419 /* Book.m */,
				62DD2191E6747EF66EFA5B52 /* Author.m */,
			);
			path = Classes;
			sourceTree = "<group>";
		};
		62DD2A292F8D95C312224D87 /* Demo */ = {
			isa = PBXGroup;
			children = (
				62DD2F092DCFE5122BD954CE /* AppDelegate.h */,
				62DD213AD61FA8E29FEDF5BB /* AppDelegate.m */,
				62DD2FD32EC3C7CAD43F9FBB /* Model */,
				62DD2CA6BC4731325B39F0C1 /* Controllers */,
				62DD21BFED1A0DD591D467DE /* View */,
			);
			path = Demo;
			sourceTree = "<group>";
		};
		62DD2CA6BC4731325B39F0C1 /* Controllers */ = {
			isa = PBXGroup;
			children = (
				62DD2C767395D1BFD589BE4E /* ViewController.m */,
				62DD2AEBAD286CA5060CCB0F /* ViewController.h */,
			);
			path = Controllers;
			sourceTree = "<group>";
		};
		62DD2FD32EC3C7CAD43F9FBB /* Model */ = {
			isa = PBXGroup;
			children = (
				62DD21A5B2AC3F231528AA18 /* Model.xcdatamodel */,
				62DD25103D792ACE256A6B8A /* Mogenerated */,
				62DD28907972642C31792695 /* Classes */,
			);
			path = Model;
			sourceTree = "<group>";
		};
		A9040B52178E0ECC00CCE8EF = {
			isa = PBXGroup;
			children = (
				A9040B64178E0ECC00CCE8EF /* NimbleDemo */,
				A9541F1E1793572A008D92FC /* NimbleDemo Tests */,
				A9040B5D178E0ECC00CCE8EF /* Frameworks */,
				A9040B5C178E0ECC00CCE8EF /* Products */,
			);
			sourceTree = "<group>";
		};
		A9040B5C178E0ECC00CCE8EF /* Products */ = {
			isa = PBXGroup;
			children = (
				A9040B5B178E0ECC00CCE8EF /* NimbleDemo.app */,
				A9541F191793572A008D92FC /* NimbleDemo Tests.xctest */,
			);
			name = Products;
			sourceTree = "<group>";
		};
		A9040B5D178E0ECC00CCE8EF /* Frameworks */ = {
			isa = PBXGroup;
			children = (
				A9541F2C1793573E008D92FC /* XCTest.framework */,
				A9040B8F178E106400CCE8EF /* CoreData.framework */,
				A9040B5E178E0ECC00CCE8EF /* UIKit.framework */,
				A9040B60178E0ECC00CCE8EF /* Foundation.framework */,
				A9040B62178E0ECC00CCE8EF /* CoreGraphics.framework */,
			);
			name = Frameworks;
			sourceTree = "<group>";
		};
		A9040B64178E0ECC00CCE8EF /* NimbleDemo */ = {
			isa = PBXGroup;
			children = (
				A9040B81178E0EE700CCE8EF /* Nimble */,
				A9040B65178E0ECC00CCE8EF /* Supporting Files */,
				62DD2A292F8D95C312224D87 /* Demo */,
			);
			path = NimbleDemo;
			sourceTree = "<group>";
		};
		A9040B65178E0ECC00CCE8EF /* Supporting Files */ = {
			isa = PBXGroup;
			children = (
				A9040B66178E0ECC00CCE8EF /* NimbleDemo-Info.plist */,
				A9040B67178E0ECC00CCE8EF /* InfoPlist.strings */,
				A9040B6A178E0ECC00CCE8EF /* main.m */,
				A9040B6C178E0ECC00CCE8EF /* NimbleDemo-Prefix.pch */,
				A9040B70178E0ECC00CCE8EF /* Default.png */,
				A9040B72178E0ECC00CCE8EF /* Default@2x.png */,
				A9040B74178E0ECC00CCE8EF /* Default-568h@2x.png */,
			);
			name = "Supporting Files";
			sourceTree = "<group>";
		};
		A9040B81178E0EE700CCE8EF /* Nimble */ = {
			isa = PBXGroup;
			children = (
				A9040B82178E0EE700CCE8EF /* Nimble.h */,
				62DD25BDCF548A56B79774A2 /* Main Store */,
				62DD257BEF9CDBB16BE51BC9 /* Categories */,
			);
			name = Nimble;
			path = ../Nimble;
			sourceTree = "<group>";
		};
		A9541F1E1793572A008D92FC /* NimbleDemo Tests */ = {
			isa = PBXGroup;
			children = (
				A9541F1F1793572A008D92FC /* Supporting Files */,
				A9541F3517935B88008D92FC /* NimbleStackCreationTests.m */,
				62DD2F89D3C30BFCFA6C2FB0 /* NimbleSaversTests.m */,
			);
			path = "NimbleDemo Tests";
			sourceTree = "<group>";
		};
		A9541F1F1793572A008D92FC /* Supporting Files */ = {
			isa = PBXGroup;
			children = (
				A9541F201793572A008D92FC /* NimbleDemo Tests-Info.plist */,
				A9541F211793572A008D92FC /* InfoPlist.strings */,
				A9541F261793572A008D92FC /* NimbleDemo Tests-Prefix.pch */,
			);
			name = "Supporting Files";
			sourceTree = "<group>";
		};
/* End PBXGroup section */

/* Begin PBXNativeTarget section */
		A9040B5A178E0ECC00CCE8EF /* NimbleDemo */ = {
			isa = PBXNativeTarget;
			buildConfigurationList = A9040B7E178E0ECC00CCE8EF /* Build configuration list for PBXNativeTarget "NimbleDemo" */;
			buildPhases = (
				A9040B91178E124000CCE8EF /* ShellScript */,
				A9040B57178E0ECC00CCE8EF /* Sources */,
				A9040B58178E0ECC00CCE8EF /* Frameworks */,
				A9040B59178E0ECC00CCE8EF /* Resources */,
			);
			buildRules = (
			);
			dependencies = (
			);
			name = NimbleDemo;
			productName = Nimble;
			productReference = A9040B5B178E0ECC00CCE8EF /* NimbleDemo.app */;
			productType = "com.apple.product-type.application";
		};
		A9541F181793572A008D92FC /* NimbleDemo Tests */ = {
			isa = PBXNativeTarget;
			buildConfigurationList = A9541F291793572A008D92FC /* Build configuration list for PBXNativeTarget "NimbleDemo Tests" */;
			buildPhases = (
				A9541F151793572A008D92FC /* Sources */,
				A9541F161793572A008D92FC /* Frameworks */,
				A9541F171793572A008D92FC /* Resources */,
			);
			buildRules = (
			);
			dependencies = (
				A9541F281793572A008D92FC /* PBXTargetDependency */,
			);
			name = "NimbleDemo Tests";
			productName = "Nimble Tests";
			productReference = A9541F191793572A008D92FC /* NimbleDemo Tests.xctest */;
			productType = "com.apple.product-type.bundle.unit-test";
		};
/* End PBXNativeTarget section */

/* Begin PBXProject section */
		A9040B53178E0ECC00CCE8EF /* Project object */ = {
			isa = PBXProject;
			attributes = {
				LastUpgradeCheck = 0460;
				ORGANIZATIONNAME = "Marco Sero";
				TargetAttributes = {
					A9541F181793572A008D92FC = {
						TestTargetID = A9040B5A178E0ECC00CCE8EF /* NimbleDemo */;
					};
				};
			};
			buildConfigurationList = A9040B56178E0ECC00CCE8EF /* Build configuration list for PBXProject "NimbleDemo" */;
			compatibilityVersion = "Xcode 3.2";
			developmentRegion = English;
			hasScannedForEncodings = 0;
			knownRegions = (
				en,
			);
			mainGroup = A9040B52178E0ECC00CCE8EF;
			productRefGroup = A9040B5C178E0ECC00CCE8EF /* Products */;
			projectDirPath = "";
			projectRoot = "";
			targets = (
				A9040B5A178E0ECC00CCE8EF /* NimbleDemo */,
				A9541F181793572A008D92FC /* NimbleDemo Tests */,
			);
		};
/* End PBXProject section */

/* Begin PBXResourcesBuildPhase section */
		A9040B59178E0ECC00CCE8EF /* Resources */ = {
			isa = PBXResourcesBuildPhase;
			buildActionMask = 2147483647;
			files = (
				A9040B69178E0ECC00CCE8EF /* InfoPlist.strings in Resources */,
				A9040B71178E0ECC00CCE8EF /* Default.png in Resources */,
				A9040B73178E0ECC00CCE8EF /* Default@2x.png in Resources */,
				A9040B75178E0ECC00CCE8EF /* Default-568h@2x.png in Resources */,
				62DD214A52EBAE4B68DA7CF1 /* MainStoryboard.storyboard in Resources */,
			);
			runOnlyForDeploymentPostprocessing = 0;
		};
		A9541F171793572A008D92FC /* Resources */ = {
			isa = PBXResourcesBuildPhase;
			buildActionMask = 2147483647;
			files = (
				A9541F231793572A008D92FC /* InfoPlist.strings in Resources */,
			);
			runOnlyForDeploymentPostprocessing = 0;
		};
/* End PBXResourcesBuildPhase section */

/* Begin PBXShellScriptBuildPhase section */
		A9040B91178E124000CCE8EF /* ShellScript */ = {
			isa = PBXShellScriptBuildPhase;
			buildActionMask = 2147483647;
			files = (
			);
			inputPaths = (
			);
			outputPaths = (
			);
			runOnlyForDeploymentPostprocessing = 0;
			shellPath = /bin/sh;
			shellScript = "mogenerator -m NimbleDemo/Demo/Model/Model.xcdatamodel -H NimbleDemo/Demo/Model/Classes -M NimbleDemo/Demo/Model/Mogenerated --template-var arc=true";
		};
/* End PBXShellScriptBuildPhase section */

/* Begin PBXSourcesBuildPhase section */
		A9040B57178E0ECC00CCE8EF /* Sources */ = {
			isa = PBXSourcesBuildPhase;
			buildActionMask = 2147483647;
			files = (
				A9040B6B178E0ECC00CCE8EF /* main.m in Sources */,
				62DD2F5A34897B71C59F24B7 /* AppDelegate.m in Sources */,
				62DD28BC1B0827C5BEE816F2 /* Model.xcdatamodel in Sources */,
				62DD21B716E4188A8AFA750A /* ViewController.m in Sources */,
				62DD2EBBF1D9C5CEBEB7F330 /* Reader.m in Sources */,
				62DD245D3DE9669B8B84FD89 /* Book.m in Sources */,
				62DD27496432851BE632B99B /* Author.m in Sources */,
				62DD23298D59557697B34FEE /* _Author.m in Sources */,
				62DD229CF7C9ABD4254C844C /* _Book.m in Sources */,
				62DD25E0A6D607F6ABC57B87 /* _Reader.m in Sources */,
				62DD2035813B7DDBF770FA6C /* NimbleStore.m in Sources */,
				62DD20E00DC66C9F66A33373 /* NSManagedObject+Finders.m in Sources */,
				62DD2B81CB910C3B895F6C37 /* NimbleStore+Defaults.m in Sources */,
				62DD293205EF7ABB0662F4E3 /* NSManagedObject+Creators.m in Sources */,
				62DD20865C9DDCD88DF7976D /* NSManagedObjectContext+NimbleContexts.m in Sources */,
				62DD2354A88509B035CEA5A3 /* NimbleStore+Savers.m in Sources */,
			);
			runOnlyForDeploymentPostprocessing = 0;
		};
		A9541F151793572A008D92FC /* Sources */ = {
			isa = PBXSourcesBuildPhase;
			buildActionMask = 2147483647;
			files = (
				A9541F3617935B88008D92FC /* NimbleStackCreationTests.m in Sources */,
				A97225B017949A88005C6DDE /* NimbleSaversTests.m in Sources */,
				62DD271859910A8C74C95CFD /* NimbleStore.m in Sources */,
				62DD278CDA241AC1AC06A90A /* NSManagedObject+Finders.m in Sources */,
				62DD2F2555B64142EEF8503E /* NimbleStore+Defaults.m in Sources */,
				62DD26BC407BDA15204DC7C9 /* NSManagedObject+Creators.m in Sources */,
				62DD250588F6C9D7F2DA7568 /* NSManagedObjectContext+NimbleContexts.m in Sources */,
				62DD287E45A8149989447123 /* NimbleStore+Savers.m in Sources */,
			);
			runOnlyForDeploymentPostprocessing = 0;
		};
/* End PBXSourcesBuildPhase section */

/* Begin PBXTargetDependency section */
		A9541F281793572A008D92FC /* PBXTargetDependency */ = {
			isa = PBXTargetDependency;
			target = A9040B5A178E0ECC00CCE8EF /* NimbleDemo */;
			targetProxy = A9541F271793572A008D92FC /* PBXContainerItemProxy */;
		};
/* End PBXTargetDependency section */

/* Begin PBXVariantGroup section */
		62DD2867E7159881EE6F7859 /* MainStoryboard.storyboard */ = {
			isa = PBXVariantGroup;
			children = (
				62DD256B7DCB6CEB1EDDE8CB /* en */,
			);
			name = MainStoryboard.storyboard;
			sourceTree = "<group>";
		};
		A9040B67178E0ECC00CCE8EF /* InfoPlist.strings */ = {
			isa = PBXVariantGroup;
			children = (
				A9040B68178E0ECC00CCE8EF /* en */,
			);
			name = InfoPlist.strings;
			sourceTree = "<group>";
		};
		A9541F211793572A008D92FC /* InfoPlist.strings */ = {
			isa = PBXVariantGroup;
			children = (
				A9541F221793572A008D92FC /* en */,
			);
			name = InfoPlist.strings;
			sourceTree = "<group>";
		};
/* End PBXVariantGroup section */

/* Begin XCBuildConfiguration section */
		A9040B7C178E0ECC00CCE8EF /* Debug */ = {
			isa = XCBuildConfiguration;
			buildSettings = {
				ALWAYS_SEARCH_USER_PATHS = NO;
				CLANG_CXX_LANGUAGE_STANDARD = "gnu++0x";
				CLANG_CXX_LIBRARY = "libc++";
				CLANG_ENABLE_OBJC_ARC = YES;
				CLANG_WARN_CONSTANT_CONVERSION = YES;
				CLANG_WARN_EMPTY_BODY = YES;
				CLANG_WARN_ENUM_CONVERSION = YES;
				CLANG_WARN_INT_CONVERSION = YES;
				CLANG_WARN__DUPLICATE_METHOD_MATCH = YES;
				"CODE_SIGN_IDENTITY[sdk=iphoneos*]" = "iPhone Developer";
				COPY_PHASE_STRIP = NO;
				GCC_C_LANGUAGE_STANDARD = gnu99;
				GCC_DYNAMIC_NO_PIC = NO;
				GCC_OPTIMIZATION_LEVEL = 0;
				GCC_PREPROCESSOR_DEFINITIONS = (
					"DEBUG=1",
					"$(inherited)",
				);
				GCC_SYMBOLS_PRIVATE_EXTERN = NO;
				GCC_WARN_ABOUT_RETURN_TYPE = YES;
				GCC_WARN_UNINITIALIZED_AUTOS = YES;
				GCC_WARN_UNUSED_VARIABLE = YES;
				IPHONEOS_DEPLOYMENT_TARGET = 6.1;
				ONLY_ACTIVE_ARCH = YES;
				SDKROOT = iphoneos;
			};
			name = Debug;
		};
		A9040B7D178E0ECC00CCE8EF /* Release */ = {
			isa = XCBuildConfiguration;
			buildSettings = {
				ALWAYS_SEARCH_USER_PATHS = NO;
				CLANG_CXX_LANGUAGE_STANDARD = "gnu++0x";
				CLANG_CXX_LIBRARY = "libc++";
				CLANG_ENABLE_OBJC_ARC = YES;
				CLANG_WARN_CONSTANT_CONVERSION = YES;
				CLANG_WARN_EMPTY_BODY = YES;
				CLANG_WARN_ENUM_CONVERSION = YES;
				CLANG_WARN_INT_CONVERSION = YES;
				CLANG_WARN__DUPLICATE_METHOD_MATCH = YES;
				"CODE_SIGN_IDENTITY[sdk=iphoneos*]" = "iPhone Developer";
				COPY_PHASE_STRIP = YES;
				GCC_C_LANGUAGE_STANDARD = gnu99;
				GCC_WARN_ABOUT_RETURN_TYPE = YES;
				GCC_WARN_UNINITIALIZED_AUTOS = YES;
				GCC_WARN_UNUSED_VARIABLE = YES;
				IPHONEOS_DEPLOYMENT_TARGET = 6.1;
				OTHER_CFLAGS = "-DNS_BLOCK_ASSERTIONS=1";
				SDKROOT = iphoneos;
				VALIDATE_PRODUCT = YES;
			};
			name = Release;
		};
		A9040B7F178E0ECC00CCE8EF /* Debug */ = {
			isa = XCBuildConfiguration;
			buildSettings = {
				FRAMEWORK_SEARCH_PATHS = (
					"$(inherited)",
					"$(SRCROOT)",
				);
				GCC_PRECOMPILE_PREFIX_HEADER = YES;
				GCC_PREFIX_HEADER = "NimbleDemo/NimbleDemo-Prefix.pch";
				INFOPLIST_FILE = "NimbleDemo/NimbleDemo-Info.plist";
				PRODUCT_NAME = NimbleDemo;
				WRAPPER_EXTENSION = app;
			};
			name = Debug;
		};
		A9040B80178E0ECC00CCE8EF /* Release */ = {
			isa = XCBuildConfiguration;
			buildSettings = {
				FRAMEWORK_SEARCH_PATHS = (
					"$(inherited)",
					"$(SRCROOT)",
				);
				GCC_PRECOMPILE_PREFIX_HEADER = YES;
				GCC_PREFIX_HEADER = "NimbleDemo/NimbleDemo-Prefix.pch";
				INFOPLIST_FILE = "NimbleDemo/NimbleDemo-Info.plist";
				PRODUCT_NAME = NimbleDemo;
				WRAPPER_EXTENSION = app;
			};
			name = Release;
		};
		A9541F2A1793572A008D92FC /* Debug */ = {
			isa = XCBuildConfiguration;
			buildSettings = {
				BUNDLE_LOADER = "$(BUILT_PRODUCTS_DIR)/Nimble.app/Nimble";
				CLANG_ENABLE_MODULES = YES;
				CLANG_WARN_BOOL_CONVERSION = YES;
				CLANG_WARN_DIRECT_OBJC_ISA_USAGE = YES_ERROR;
				CLANG_WARN_OBJC_ROOT_CLASS = YES_ERROR;
				FRAMEWORK_SEARCH_PATHS = (
					"$(SDKROOT)/Developer/Library/Frameworks",
					"$(inherited)",
					"$(SYSTEM_APPS_DIR)/Xcode5-DP.app/Contents/Developer/Library/Frameworks",
				);
				GCC_PRECOMPILE_PREFIX_HEADER = YES;
				GCC_PREFIX_HEADER = "Nimble Tests/NimbleDemo Tests-Prefix.pch";
				GCC_PREPROCESSOR_DEFINITIONS = (
					"DEBUG=1",
					"$(inherited)",
				);
				GCC_WARN_ABOUT_RETURN_TYPE = YES_ERROR;
				GCC_WARN_UNDECLARED_SELECTOR = YES;
				GCC_WARN_UNUSED_FUNCTION = YES;
				INFOPLIST_FILE = "Nimble Tests/NimbleDemo Tests-Info.plist";
				IPHONEOS_DEPLOYMENT_TARGET = 7.0;
				PRODUCT_NAME = "NimbleDemo Tests";
				TEST_HOST = "$(BUNDLE_LOADER)";
				WRAPPER_EXTENSION = xctest;
			};
			name = Debug;
		};
		A9541F2B1793572A008D92FC /* Release */ = {
			isa = XCBuildConfiguration;
			buildSettings = {
				BUNDLE_LOADER = "$(BUILT_PRODUCTS_DIR)/Nimble.app/Nimble";
				CLANG_ENABLE_MODULES = YES;
				CLANG_WARN_BOOL_CONVERSION = YES;
				CLANG_WARN_DIRECT_OBJC_ISA_USAGE = YES_ERROR;
				CLANG_WARN_OBJC_ROOT_CLASS = YES_ERROR;
				ENABLE_NS_ASSERTIONS = NO;
				FRAMEWORK_SEARCH_PATHS = (
					"$(SDKROOT)/Developer/Library/Frameworks",
					"$(inherited)",
					"$(SYSTEM_APPS_DIR)/Xcode5-DP.app/Contents/Developer/Library/Frameworks",
				);
				GCC_PRECOMPILE_PREFIX_HEADER = YES;
				GCC_PREFIX_HEADER = "Nimble Tests/NimbleDemo Tests-Prefix.pch";
				GCC_WARN_ABOUT_RETURN_TYPE = YES_ERROR;
				GCC_WARN_UNDECLARED_SELECTOR = YES;
				GCC_WARN_UNUSED_FUNCTION = YES;
				INFOPLIST_FILE = "Nimble Tests/NimbleDemo Tests-Info.plist";
				IPHONEOS_DEPLOYMENT_TARGET = 7.0;
				PRODUCT_NAME = "NimbleDemo Tests";
				TEST_HOST = "$(BUNDLE_LOADER)";
				WRAPPER_EXTENSION = xctest;
			};
			name = Release;
		};
/* End XCBuildConfiguration section */

/* Begin XCConfigurationList section */
		A9040B56178E0ECC00CCE8EF /* Build configuration list for PBXProject "NimbleDemo" */ = {
			isa = XCConfigurationList;
			buildConfigurations = (
				A9040B7C178E0ECC00CCE8EF /* Debug */,
				A9040B7D178E0ECC00CCE8EF /* Release */,
			);
			defaultConfigurationIsVisible = 0;
			defaultConfigurationName = Release;
		};
		A9040B7E178E0ECC00CCE8EF /* Build configuration list for PBXNativeTarget "NimbleDemo" */ = {
			isa = XCConfigurationList;
			buildConfigurations = (
				A9040B7F178E0ECC00CCE8EF /* Debug */,
				A9040B80178E0ECC00CCE8EF /* Release */,
			);
			defaultConfigurationIsVisible = 0;
			defaultConfigurationName = Release;
		};
		A9541F291793572A008D92FC /* Build configuration list for PBXNativeTarget "NimbleDemo Tests" */ = {
			isa = XCConfigurationList;
			buildConfigurations = (
				A9541F2A1793572A008D92FC /* Debug */,
				A9541F2B1793572A008D92FC /* Release */,
			);
			defaultConfigurationIsVisible = 0;
			defaultConfigurationName = Release;
		};
/* End XCConfigurationList section */
	};
	rootObject = A9040B53178E0ECC00CCE8EF /* Project object */;
}
